
Microsoft Visual Studio Solution File, Format Version 12.00
# Visual Studio Version 16
VisualStudioVersion = 16.0.31205.134
MinimumVisualStudioVersion = 10.0.40219.1
Project("{9A19103F-16F7-4668-BE54-9A1E7A4F7556}") = "TourBooking", "TourBooking.csproj", "{FF5D720F-5AB3-4BF8-AD1B-ED546EE95AFF}"
EndProject
Global
	GlobalSection(SolutionConfigurationPlatforms) = preSolution
		Debug|Any CPU = Debug|Any CPU
		Release|Any CPU = Release|Any CPU
	EndGlobalSection
	GlobalSection(ProjectConfigurationPlatforms) = postSolution
		{FF5D720F-5AB3-4BF8-AD1B-ED546EE95AFF}.Debug|Any CPU.ActiveCfg = Debug|Any CPU
		{FF5D720F-5AB3-4BF8-AD1B-ED546EE95AFF}.Debug|Any CPU.Build.0 = Debug|Any CPU
		{FF5D720F-5AB3-4BF8-AD1B-ED546EE95AFF}.Release|Any CPU.ActiveCfg = Release|Any CPU
		{FF5D720F-5AB3-4BF8-AD1B-ED546EE95AFF}.Release|Any CPU.Build.0 = Release|Any CPU
	EndGlobalSection
	GlobalSection(SolutionProperties) = preSolution
		HideSolutionNode = FALSE
	EndGlobalSection
	GlobalSection(ExtensibilityGlobals) = postSolution
		SolutionGuid = {6A7C6408-4F8E-47B1-A73D-D9FE472BEDDD}
	EndGlobalSection
EndGlobal
