
Microsoft Visual Studio Solution File, Format Version 12.00
# Visual Studio Version 17
VisualStudioVersion = 17.4.33205.214
MinimumVisualStudioVersion = 10.0.40219.1
Project("{9A19103F-16F7-4668-BE54-9A1E7A4F7556}") = "TourBooking", "TourBooking\TourBooking.csproj", "{5E931C32-C9A6-454F-B4D6-D28AEEE5CC98}"
EndProject
Project("{E24C65DC-7377-472B-9ABA-BC803B73C61A}") = "angular-tour-booking", "angular-tour-booking\", "{88169939-6466-4774-9BFC-3F16589E218F}"
	ProjectSection(WebsiteProperties) = preProject
		TargetFrameworkMoniker = ".NETFramework,Version%3Dv4.8"
		Debug.AspNetCompiler.VirtualPath = "/localhost_53039"
		Debug.AspNetCompiler.PhysicalPath = "angular-tour-booking\"
		Debug.AspNetCompiler.TargetPath = "PrecompiledWeb\localhost_53039\"
		Debug.AspNetCompiler.Updateable = "true"
		Debug.AspNetCompiler.ForceOverwrite = "true"
		Debug.AspNetCompiler.FixedNames = "false"
		Debug.AspNetCompiler.Debug = "True"
		Release.AspNetCompiler.VirtualPath = "/localhost_53039"
		Release.AspNetCompiler.PhysicalPath = "angular-tour-booking\"
		Release.AspNetCompiler.TargetPath = "PrecompiledWeb\localhost_53039\"
		Release.AspNetCompiler.Updateable = "true"
		Release.AspNetCompiler.ForceOverwrite = "true"
		Release.AspNetCompiler.FixedNames = "false"
		Release.AspNetCompiler.Debug = "False"
		VWDPort = "53039"
		SlnRelativePath = "angular-tour-booking\"
	EndProjectSection
EndProject
Project("{9A19103F-16F7-4668-BE54-9A1E7A4F7556}") = "TourBooking.Application", "TourBooking.Application\TourBooking.Application.csproj", "{B2A8F609-0AD4-4DD8-9EE3-7806847934F6}"
EndProject
Project("{9A19103F-16F7-4668-BE54-9A1E7A4F7556}") = "TourBooking.Infrastructure", "TourBooking.Infrastructure\TourBooking.Infrastructure.csproj", "{DBA0FB1C-7B7C-40C7-A0FF-48644E00C3A9}"
EndProject
Project("{9A19103F-16F7-4668-BE54-9A1E7A4F7556}") = "TourBooking.Domain", "TourBooking.Domain\TourBooking.Domain.csproj", "{89E6B26A-7280-4B64-94AE-F154BA57E3B0}"
EndProject
Global
	GlobalSection(SolutionConfigurationPlatforms) = preSolution
		Debug|Any CPU = Debug|Any CPU
		Release|Any CPU = Release|Any CPU
	EndGlobalSection
	GlobalSection(ProjectConfigurationPlatforms) = postSolution
		{5E931C32-C9A6-454F-B4D6-D28AEEE5CC98}.Debug|Any CPU.ActiveCfg = Debug|Any CPU
		{5E931C32-C9A6-454F-B4D6-D28AEEE5CC98}.Debug|Any CPU.Build.0 = Debug|Any CPU
		{5E931C32-C9A6-454F-B4D6-D28AEEE5CC98}.Release|Any CPU.ActiveCfg = Release|Any CPU
		{5E931C32-C9A6-454F-B4D6-D28AEEE5CC98}.Release|Any CPU.Build.0 = Release|Any CPU
		{88169939-6466-4774-9BFC-3F16589E218F}.Debug|Any CPU.ActiveCfg = Debug|Any CPU
		{88169939-6466-4774-9BFC-3F16589E218F}.Release|Any CPU.ActiveCfg = Debug|Any CPU
		{88169939-6466-4774-9BFC-3F16589E218F}.Release|Any CPU.Build.0 = Debug|Any CPU
		{B2A8F609-0AD4-4DD8-9EE3-7806847934F6}.Debug|Any CPU.ActiveCfg = Debug|Any CPU
		{B2A8F609-0AD4-4DD8-9EE3-7806847934F6}.Debug|Any CPU.Build.0 = Debug|Any CPU
		{B2A8F609-0AD4-4DD8-9EE3-7806847934F6}.Release|Any CPU.ActiveCfg = Release|Any CPU
		{B2A8F609-0AD4-4DD8-9EE3-7806847934F6}.Release|Any CPU.Build.0 = Release|Any CPU
		{DBA0FB1C-7B7C-40C7-A0FF-48644E00C3A9}.Debug|Any CPU.ActiveCfg = Debug|Any CPU
		{DBA0FB1C-7B7C-40C7-A0FF-48644E00C3A9}.Debug|Any CPU.Build.0 = Debug|Any CPU
		{DBA0FB1C-7B7C-40C7-A0FF-48644E00C3A9}.Release|Any CPU.ActiveCfg = Release|Any CPU
		{DBA0FB1C-7B7C-40C7-A0FF-48644E00C3A9}.Release|Any CPU.Build.0 = Release|Any CPU
		{89E6B26A-7280-4B64-94AE-F154BA57E3B0}.Debug|Any CPU.ActiveCfg = Debug|Any CPU
		{89E6B26A-7280-4B64-94AE-F154BA57E3B0}.Debug|Any CPU.Build.0 = Debug|Any CPU
		{89E6B26A-7280-4B64-94AE-F154BA57E3B0}.Release|Any CPU.ActiveCfg = Release|Any CPU
		{89E6B26A-7280-4B64-94AE-F154BA57E3B0}.Release|Any CPU.Build.0 = Release|Any CPU
	EndGlobalSection
	GlobalSection(SolutionProperties) = preSolution
		HideSolutionNode = FALSE
	EndGlobalSection
	GlobalSection(ExtensibilityGlobals) = postSolution
		SolutionGuid = {B005CED9-3DA1-462C-9DB7-D73099DED238}
	EndGlobalSection
EndGlobal
